// !$*UTF8*$!
{
	archiveVersion = 1;
	classes = {
	};
	objectVersion = 50;
	objects = {

/* Begin PBXBuildFile section */
		ED1D408B2461C7AE00F23485 /* main.c in Sources */ = {isa = PBXBuildFile; fileRef = ED1D408A2461C7AE00F23485 /* main.c */; };
		ED6DA9D12479DF4C00228D9D /* livres.c in Sources */ = {isa = PBXBuildFile; fileRef = ED6DA9D02479DF4C00228D9D /* livres.c */; };
		ED6DA9D42479E01500228D9D /* membres.c in Sources */ = {isa = PBXBuildFile; fileRef = ED6DA9D32479E01500228D9D /* membres.c */; };
		ED6DA9D82479E18600228D9D /* global.c in Sources */ = {isa = PBXBuildFile; fileRef = ED6DA9D72479E18600228D9D /* global.c */; };
/* End PBXBuildFile section */

/* Begin PBXCopyFilesBuildPhase section */
		ED1D40852461C7AD00F23485 /* CopyFiles */ = {
			isa = PBXCopyFilesBuildPhase;
			buildActionMask = 2147483647;
			dstPath = /usr/share/man/man1/;
			dstSubfolderSpec = 0;
			files = (
			);
			runOnlyForDeploymentPostprocessing = 1;
		};
/* End PBXCopyFilesBuildPhase section */

/* Begin PBXFileReference section */
		ED1D40872461C7AE00F23485 /* Gestion-Library */ = {isa = PBXFileReference; explicitFileType = "compiled.mach-o.executable"; includeInIndex = 0; path = "Gestion-Library"; sourceTree = BUILT_PRODUCTS_DIR; };
		ED1D408A2461C7AE00F23485 /* main.c */ = {isa = PBXFileReference; lastKnownFileType = sourcecode.c.c; path = main.c; sourceTree = "<group>"; };
		ED6DA9CF2479DF4C00228D9D /* livres.h */ = {isa = PBXFileReference; lastKnownFileType = sourcecode.c.h; path = livres.h; sourceTree = "<group>"; };
		ED6DA9D02479DF4C00228D9D /* livres.c */ = {isa = PBXFileReference; lastKnownFileType = sourcecode.c.c; path = livres.c; sourceTree = "<group>"; };
		ED6DA9D22479E01500228D9D /* membres.h */ = {isa = PBXFileReference; lastKnownFileType = sourcecode.c.h; path = membres.h; sourceTree = "<group>"; };
		ED6DA9D32479E01500228D9D /* membres.c */ = {isa = PBXFileReference; lastKnownFileType = sourcecode.c.c; path = membres.c; sourceTree = "<group>"; };
		ED6DA9D62479E18600228D9D /* global.h */ = {isa = PBXFileReference; lastKnownFileType = sourcecode.c.h; path = global.h; sourceTree = "<group>"; };
		ED6DA9D72479E18600228D9D /* global.c */ = {isa = PBXFileReference; lastKnownFileType = sourcecode.c.c; path = global.c; sourceTree = "<group>"; };
/* End PBXFileReference section */

/* Begin PBXFrameworksBuildPhase section */
		ED1D40842461C7AD00F23485 /* Frameworks */ = {
			isa = PBXFrameworksBuildPhase;
			buildActionMask = 2147483647;
			files = (
			);
			runOnlyForDeploymentPostprocessing = 0;
		};
/* End PBXFrameworksBuildPhase section */

/* Begin PBXGroup section */
		ED1D407E2461C7AD00F23485 = {
			isa = PBXGroup;
			children = (
				ED1D40892461C7AE00F23485 /* Gestion-Library */,
				ED1D40882461C7AE00F23485 /* Products */,
			);
			sourceTree = "<group>";
		};
		ED1D40882461C7AE00F23485 /* Products */ = {
			isa = PBXGroup;
			children = (
				ED1D40872461C7AE00F23485 /* Gestion-Library */,
			);
			name = Products;
			sourceTree = "<group>";
		};
		ED1D40892461C7AE00F23485 /* Gestion-Library */ = {
			isa = PBXGroup;
			children = (
				ED1D408A2461C7AE00F23485 /* main.c */,
				ED6DA9CF2479DF4C00228D9D /* livres.h */,
				ED6DA9D02479DF4C00228D9D /* livres.c */,
				ED6DA9D22479E01500228D9D /* membres.h */,
				ED6DA9D32479E01500228D9D /* membres.c */,
				ED6DA9D62479E18600228D9D /* global.h */,
				ED6DA9D72479E18600228D9D /* global.c */,
			);
			path = "Gestion-Library";
			sourceTree = "<group>";
		};
/* End PBXGroup section */

/* Begin PBXNativeTarget section */
		ED1D40862461C7AD00F23485 /* Gestion-Library */ = {
			isa = PBXNativeTarget;
			buildConfigurationList = ED1D408E2461C7AE00F23485 /* Build configuration list for PBXNativeTarget "Gestion-Library" */;
			buildPhases = (
				ED1D40832461C7AD00F23485 /* Sources */,
				ED1D40842461C7AD00F23485 /* Frameworks */,
				ED1D40852461C7AD00F23485 /* CopyFiles */,
			);
			buildRules = (
			);
			dependencies = (
			);
			name = "Gestion-Library";
			productName = "Gestion-Library";
			productReference = ED1D40872461C7AE00F23485 /* Gestion-Library */;
			productType = "com.apple.product-type.tool";
		};
/* End PBXNativeTarget section */

/* Begin PBXProject section */
		ED1D407F2461C7AD00F23485 /* Project object */ = {
			isa = PBXProject;
			attributes = {
				LastUpgradeCheck = 1140;
				ORGANIZATIONNAME = PlugN;
				TargetAttributes = {
					ED1D40862461C7AD00F23485 = {
						CreatedOnToolsVersion = 11.4.1;
					};
				};
			};
			buildConfigurationList = ED1D40822461C7AD00F23485 /* Build configuration list for PBXProject "Gestion-Library" */;
			compatibilityVersion = "Xcode 9.3";
			developmentRegion = en;
			hasScannedForEncodings = 0;
			knownRegions = (
				en,
				Base,
			);
			mainGroup = ED1D407E2461C7AD00F23485;
			productRefGroup = ED1D40882461C7AE00F23485 /* Products */;
			projectDirPath = "";
			projectRoot = "";
			targets = (
				ED1D40862461C7AD00F23485 /* Gestion-Library */,
			);
		};
/* End PBXProject section */

/* Begin PBXSourcesBuildPhase section */
		ED1D40832461C7AD00F23485 /* Sources */ = {
			isa = PBXSourcesBuildPhase;
			buildActionMask = 2147483647;
			files = (
				ED6DA9D42479E01500228D9D /* membres.c in Sources */,
				ED6DA9D12479DF4C00228D9D /* livres.c in Sources */,
				ED6DA9D82479E18600228D9D /* global.c in Sources */,
				ED1D408B2461C7AE00F23485 /* main.c in Sources */,
			);
			runOnlyForDeploymentPostprocessing = 0;
		};
/* End PBXSourcesBuildPhase section */

/* Begin XCBuildConfiguration section */
		ED1D408C2461C7AE00F23485 /* Debug */ = {
			isa = XCBuildConfiguration;
			buildSettings = {
				ALWAYS_SEARCH_USER_PATHS = NO;
				CLANG_ANALYZER_NONNULL = YES;
				CLANG_ANALYZER_NUMBER_OBJECT_CONVERSION = YES_AGGRESSIVE;
				CLANG_CXX_LANGUAGE_STANDARD = "gnu++14";
				CLANG_CXX_LIBRARY = "libc++";
				CLANG_ENABLE_MODULES = YES;
				CLANG_ENABLE_OBJC_ARC = YES;
				CLANG_ENABLE_OBJC_WEAK = YES;
				CLANG_WARN_BLOCK_CAPTURE_AUTORELEASING = YES;
				CLANG_WARN_BOOL_CONVERSION = YES;
				CLANG_WARN_COMMA = YES;
				CLANG_WARN_CONSTANT_CONVERSION = YES;
				CLANG_WARN_DEPRECATED_OBJC_IMPLEMENTATIONS = YES;
				CLANG_WARN_DIRECT_OBJC_ISA_USAGE = YES_ERROR;
				CLANG_WARN_DOCUMENTATION_COMMENTS = YES;
				CLANG_WARN_EMPTY_BODY = YES;
				CLANG_WARN_ENUM_CONVERSION = YES;
				CLANG_WARN_INFINITE_RECURSION = YES;
				CLANG_WARN_INT_CONVERSION = YES;
				CLANG_WARN_NON_LITERAL_NULL_CONVERSION = YES;
				CLANG_WARN_OBJC_IMPLICIT_RETAIN_SELF = YES;
				CLANG_WARN_OBJC_LITERAL_CONVERSION = YES;
				CLANG_WARN_OBJC_ROOT_CLASS = YES_ERROR;
				CLANG_WARN_RANGE_LOOP_ANALYSIS = YES;
				CLANG_WARN_STRICT_PROTOTYPES = YES;
				CLANG_WARN_SUSPICIOUS_MOVE = YES;
				CLANG_WARN_UNGUARDED_AVAILABILITY = YES_AGGRESSIVE;
				CLANG_WARN_UNREACHABLE_CODE = YES;
				CLANG_WARN__DUPLICATE_METHOD_MATCH = YES;
				COPY_PHASE_STRIP = NO;
				DEBUG_INFORMATION_FORMAT = dwarf;
				ENABLE_STRICT_OBJC_MSGSEND = YES;
				ENABLE_TESTABILITY = YES;
				GCC_C_LANGUAGE_STANDARD = gnu11;
				GCC_DYNAMIC_NO_PIC = NO;
				GCC_NO_COMMON_BLOCKS = YES;
				GCC_OPTIMIZATION_LEVEL = 0;
				GCC_PREPROCESSOR_DEFINITIONS = (
					"DEBUG=1",
					"$(inherited)",
				);
				GCC_WARN_64_TO_32_BIT_CONVERSION = YES;
				GCC_WARN_ABOUT_RETURN_TYPE = YES_ERROR;
				GCC_WARN_UNDECLARED_SELECTOR = YES;
				GCC_WARN_UNINITIALIZED_AUTOS = YES_AGGRESSIVE;
				GCC_WARN_UNUSED_FUNCTION = YES;
				GCC_WARN_UNUSED_VARIABLE = YES;
				MACOSX_DEPLOYMENT_TARGET = 10.15;
				MTL_ENABLE_DEBUG_INFO = INCLUDE_SOURCE;
				MTL_FAST_MATH = YES;
				ONLY_ACTIVE_ARCH = YES;
				SDKROOT = macosx;
			};
			name = Debug;
		};
		ED1D408D2461C7AE00F23485 /* Release */ = {
			isa = XCBuildConfiguration;
			buildSettings = {
				ALWAYS_SEARCH_USER_PATHS = NO;
				CLANG_ANALYZER_NONNULL = YES;
				CLANG_ANALYZER_NUMBER_OBJECT_CONVERSION = YES_AGGRESSIVE;
				CLANG_CXX_LANGUAGE_STANDARD = "gnu++14";
				CLANG_CXX_LIBRARY = "libc++";
				CLANG_ENABLE_MODULES = YES;
				CLANG_ENABLE_OBJC_ARC = YES;
				CLANG_ENABLE_OBJC_WEAK = YES;
				CLANG_WARN_BLOCK_CAPTURE_AUTORELEASING = YES;
				CLANG_WARN_BOOL_CONVERSION = YES;
				CLANG_WARN_COMMA = YES;
				CLANG_WARN_CONSTANT_CONVERSION = YES;
				CLANG_WARN_DEPRECATED_OBJC_IMPLEMENTATIONS = YES;
				CLANG_WARN_DIRECT_OBJC_ISA_USAGE = YES_ERROR;
				CLANG_WARN_DOCUMENTATION_COMMENTS = YES;
				CLANG_WARN_EMPTY_BODY = YES;
				CLANG_WARN_ENUM_CONVERSION = YES;
				CLANG_WARN_INFINITE_RECURSION = YES;
				CLANG_WARN_INT_CONVERSION = YES;
				CLANG_WARN_NON_LITERAL_NULL_CONVERSION = YES;
				CLANG_WARN_OBJC_IMPLICIT_RETAIN_SELF = YES;
				CLANG_WARN_OBJC_LITERAL_CONVERSION = YES;
				CLANG_WARN_OBJC_ROOT_CLASS = YES_ERROR;
				CLANG_WARN_RANGE_LOOP_ANALYSIS = YES;
				CLANG_WARN_STRICT_PROTOTYPES = YES;
				CLANG_WARN_SUSPICIOUS_MOVE = YES;
				CLANG_WARN_UNGUARDED_AVAILABILITY = YES_AGGRESSIVE;
				CLANG_WARN_UNREACHABLE_CODE = YES;
				CLANG_WARN__DUPLICATE_METHOD_MATCH = YES;
				COPY_PHASE_STRIP = NO;
				DEBUG_INFORMATION_FORMAT = "dwarf-with-dsym";
				ENABLE_NS_ASSERTIONS = NO;
				ENABLE_STRICT_OBJC_MSGSEND = YES;
				GCC_C_LANGUAGE_STANDARD = gnu11;
				GCC_NO_COMMON_BLOCKS = YES;
				GCC_WARN_64_TO_32_BIT_CONVERSION = YES;
				GCC_WARN_ABOUT_RETURN_TYPE = YES_ERROR;
				GCC_WARN_UNDECLARED_SELECTOR = YES;
				GCC_WARN_UNINITIALIZED_AUTOS = YES_AGGRESSIVE;
				GCC_WARN_UNUSED_FUNCTION = YES;
				GCC_WARN_UNUSED_VARIABLE = YES;
				MACOSX_DEPLOYMENT_TARGET = 10.15;
				MTL_ENABLE_DEBUG_INFO = NO;
				MTL_FAST_MATH = YES;
				SDKROOT = macosx;
			};
			name = Release;
		};
		ED1D408F2461C7AE00F23485 /* Debug */ = {
			isa = XCBuildConfiguration;
			buildSettings = {
				CODE_SIGN_ENTITLEMENTS = "";
				CODE_SIGN_IDENTITY = "Apple Development";
				CODE_SIGN_STYLE = Automatic;
				DEVELOPMENT_TEAM = ZL9396WK65;
				ENABLE_HARDENED_RUNTIME = YES;
				PRODUCT_NAME = "$(TARGET_NAME)";
				PROVISIONING_PROFILE_SPECIFIER = "";
			};
			name = Debug;
		};
		ED1D40902461C7AE00F23485 /* Release */ = {
			isa = XCBuildConfiguration;
			buildSettings = {
				CODE_SIGN_ENTITLEMENTS = "";
				CODE_SIGN_IDENTITY = "Apple Development";
				CODE_SIGN_STYLE = Automatic;
				DEVELOPMENT_TEAM = ZL9396WK65;
				ENABLE_HARDENED_RUNTIME = YES;
				PRODUCT_NAME = "$(TARGET_NAME)";
				PROVISIONING_PROFILE_SPECIFIER = "";
			};
			name = Release;
		};
/* End XCBuildConfiguration section */

/* Begin XCConfigurationList section */
		ED1D40822461C7AD00F23485 /* Build configuration list for PBXProject "Gestion-Library" */ = {
			isa = XCConfigurationList;
			buildConfigurations = (
				ED1D408C2461C7AE00F23485 /* Debug */,
				ED1D408D2461C7AE00F23485 /* Release */,
			);
			defaultConfigurationIsVisible = 0;
			defaultConfigurationName = Release;
		};
		ED1D408E2461C7AE00F23485 /* Build configuration list for PBXNativeTarget "Gestion-Library" */ = {
			isa = XCConfigurationList;
			buildConfigurations = (
				ED1D408F2461C7AE00F23485 /* Debug */,
				ED1D40902461C7AE00F23485 /* Release */,
			);
			defaultConfigurationIsVisible = 0;
			defaultConfigurationName = Release;
		};
/* End XCConfigurationList section */
	};
	rootObject = ED1D407F2461C7AD00F23485 /* Project object */;
}
